
Microsoft Visual Studio Solution File, Format Version 12.00
# Visual Studio Version 16
VisualStudioVersion = 16.0.31727.386
MinimumVisualStudioVersion = 10.0.40219.1
Project("{9A19103F-16F7-4668-BE54-9A1E7A4F7556}") = "Targuil0", "Targuil0\Targuil0.csproj", "{BC9D87CA-93C0-4977-BB31-22CDA1CFDC55}"
EndProject
Project("{2150E333-8FDC-42A3-9474-1A3956D46DE8}") = "Solution Items", "Solution Items", "{6667FD0F-4AEA-4867-8871-2F4FBB74B7E9}"
	ProjectSection(SolutionItems) = preProject
		README.md = README.md
	EndProjectSection
EndProject
Project("{9A19103F-16F7-4668-BE54-9A1E7A4F7556}") = "DAL", "DAL\DAL.csproj", "{D8C941A3-69C2-47B1-9542-1D3DE8809F2D}"
EndProject
Project("{9A19103F-16F7-4668-BE54-9A1E7A4F7556}") = "ConsoleUI", "ConsoleUI\ConsoleUI.csproj", "{54B295B6-9796-476B-B2CA-B486A902BCBA}"
EndProject
Global
	GlobalSection(SolutionConfigurationPlatforms) = preSolution
		Debug|Any CPU = Debug|Any CPU
		Release|Any CPU = Release|Any CPU
	EndGlobalSection
	GlobalSection(ProjectConfigurationPlatforms) = postSolution
		{BC9D87CA-93C0-4977-BB31-22CDA1CFDC55}.Debug|Any CPU.ActiveCfg = Debug|Any CPU
		{BC9D87CA-93C0-4977-BB31-22CDA1CFDC55}.Debug|Any CPU.Build.0 = Debug|Any CPU
		{BC9D87CA-93C0-4977-BB31-22CDA1CFDC55}.Release|Any CPU.ActiveCfg = Release|Any CPU
		{BC9D87CA-93C0-4977-BB31-22CDA1CFDC55}.Release|Any CPU.Build.0 = Release|Any CPU
		{D8C941A3-69C2-47B1-9542-1D3DE8809F2D}.Debug|Any CPU.ActiveCfg = Debug|Any CPU
		{D8C941A3-69C2-47B1-9542-1D3DE8809F2D}.Debug|Any CPU.Build.0 = Debug|Any CPU
		{D8C941A3-69C2-47B1-9542-1D3DE8809F2D}.Release|Any CPU.ActiveCfg = Release|Any CPU
		{D8C941A3-69C2-47B1-9542-1D3DE8809F2D}.Release|Any CPU.Build.0 = Release|Any CPU
		{54B295B6-9796-476B-B2CA-B486A902BCBA}.Debug|Any CPU.ActiveCfg = Debug|Any CPU
		{54B295B6-9796-476B-B2CA-B486A902BCBA}.Debug|Any CPU.Build.0 = Debug|Any CPU
		{54B295B6-9796-476B-B2CA-B486A902BCBA}.Release|Any CPU.ActiveCfg = Release|Any CPU
		{54B295B6-9796-476B-B2CA-B486A902BCBA}.Release|Any CPU.Build.0 = Release|Any CPU
	EndGlobalSection
	GlobalSection(SolutionProperties) = preSolution
		HideSolutionNode = FALSE
	EndGlobalSection
	GlobalSection(ExtensibilityGlobals) = postSolution
		SolutionGuid = {436BD295-D3F0-457A-925C-10664ACEF92C}
	EndGlobalSection
EndGlobal
