
Microsoft Visual Studio Solution File, Format Version 12.00
# Visual Studio Version 16
VisualStudioVersion = 16.0.31727.386
MinimumVisualStudioVersion = 10.0.40219.1
Project("{9A19103F-16F7-4668-BE54-9A1E7A4F7556}") = "Targuil0", "Targuil0\Targuil0.csproj", "{BC9D87CA-93C0-4977-BB31-22CDA1CFDC55}"
EndProject
Project("{2150E333-8FDC-42A3-9474-1A3956D46DE8}") = "Solution Items", "Solution Items", "{6667FD0F-4AEA-4867-8871-2F4FBB74B7E9}"
	ProjectSection(SolutionItems) = preProject
		README.md = README.md
	EndProjectSection
EndProject
Project("{9A19103F-16F7-4668-BE54-9A1E7A4F7556}") = "ConsoleUI", "ConsoleUI\ConsoleUI.csproj", "{54B295B6-9796-476B-B2CA-B486A902BCBA}"
EndProject
Project("{9A19103F-16F7-4668-BE54-9A1E7A4F7556}") = "BL", "BL\BL.csproj", "{BC63BB5E-C945-4757-969B-54FB8B6430F0}"
EndProject
Project("{9A19103F-16F7-4668-BE54-9A1E7A4F7556}") = "ConsoleUI_BL", "ConsoleUI_BL\ConsoleUI_BL.csproj", "{7E6BCEE4-787F-427E-A907-E409E6B66409}"
EndProject
Project("{9A19103F-16F7-4668-BE54-9A1E7A4F7556}") = "PL", "PL\PL.csproj", "{D3CB099F-65BC-4566-AD00-3FF3A3732F99}"
EndProject
Project("{9A19103F-16F7-4668-BE54-9A1E7A4F7556}") = "DalFacade", "DalApi\DalFacade.csproj", "{C86B3D6A-2814-4C3A-9C2E-2B50491E88E5}"
EndProject
Project("{9A19103F-16F7-4668-BE54-9A1E7A4F7556}") = "DalObject", "DalObject\DalObject.csproj", "{CF0C755F-E163-4DA0-A27F-B51E6DE24AAA}"
EndProject
Project("{2150E333-8FDC-42A3-9474-1A3956D46DE8}") = "xml", "xml", "{8457F49E-3C78-4273-9EFB-783935F1529C}"
	ProjectSection(SolutionItems) = preProject
		xml\dal-config.xml = xml\dal-config.xml
	EndProjectSection
EndProject
Project("{FAE04EC0-301F-11D3-BF4B-00C04F79EFBC}") = "DalXml", "DalXml\DalXml.csproj", "{03BD3F38-8C5A-4300-AC22-AC0F81D936AD}"
EndProject
Global
	GlobalSection(SolutionConfigurationPlatforms) = preSolution
		Debug|Any CPU = Debug|Any CPU
		Release|Any CPU = Release|Any CPU
	EndGlobalSection
	GlobalSection(ProjectConfigurationPlatforms) = postSolution
		{BC9D87CA-93C0-4977-BB31-22CDA1CFDC55}.Debug|Any CPU.ActiveCfg = Debug|Any CPU
		{BC9D87CA-93C0-4977-BB31-22CDA1CFDC55}.Debug|Any CPU.Build.0 = Debug|Any CPU
		{BC9D87CA-93C0-4977-BB31-22CDA1CFDC55}.Release|Any CPU.ActiveCfg = Release|Any CPU
		{BC9D87CA-93C0-4977-BB31-22CDA1CFDC55}.Release|Any CPU.Build.0 = Release|Any CPU
		{54B295B6-9796-476B-B2CA-B486A902BCBA}.Debug|Any CPU.ActiveCfg = Debug|Any CPU
		{54B295B6-9796-476B-B2CA-B486A902BCBA}.Debug|Any CPU.Build.0 = Debug|Any CPU
		{54B295B6-9796-476B-B2CA-B486A902BCBA}.Release|Any CPU.ActiveCfg = Release|Any CPU
		{54B295B6-9796-476B-B2CA-B486A902BCBA}.Release|Any CPU.Build.0 = Release|Any CPU
		{BC63BB5E-C945-4757-969B-54FB8B6430F0}.Debug|Any CPU.ActiveCfg = Debug|Any CPU
		{BC63BB5E-C945-4757-969B-54FB8B6430F0}.Debug|Any CPU.Build.0 = Debug|Any CPU
		{BC63BB5E-C945-4757-969B-54FB8B6430F0}.Release|Any CPU.ActiveCfg = Release|Any CPU
		{BC63BB5E-C945-4757-969B-54FB8B6430F0}.Release|Any CPU.Build.0 = Release|Any CPU
		{7E6BCEE4-787F-427E-A907-E409E6B66409}.Debug|Any CPU.ActiveCfg = Debug|Any CPU
		{7E6BCEE4-787F-427E-A907-E409E6B66409}.Debug|Any CPU.Build.0 = Debug|Any CPU
		{7E6BCEE4-787F-427E-A907-E409E6B66409}.Release|Any CPU.ActiveCfg = Release|Any CPU
		{7E6BCEE4-787F-427E-A907-E409E6B66409}.Release|Any CPU.Build.0 = Release|Any CPU
		{D3CB099F-65BC-4566-AD00-3FF3A3732F99}.Debug|Any CPU.ActiveCfg = Debug|Any CPU
		{D3CB099F-65BC-4566-AD00-3FF3A3732F99}.Debug|Any CPU.Build.0 = Debug|Any CPU
		{D3CB099F-65BC-4566-AD00-3FF3A3732F99}.Release|Any CPU.ActiveCfg = Release|Any CPU
		{D3CB099F-65BC-4566-AD00-3FF3A3732F99}.Release|Any CPU.Build.0 = Release|Any CPU
		{C86B3D6A-2814-4C3A-9C2E-2B50491E88E5}.Debug|Any CPU.ActiveCfg = Debug|Any CPU
		{C86B3D6A-2814-4C3A-9C2E-2B50491E88E5}.Debug|Any CPU.Build.0 = Debug|Any CPU
		{C86B3D6A-2814-4C3A-9C2E-2B50491E88E5}.Release|Any CPU.ActiveCfg = Release|Any CPU
		{C86B3D6A-2814-4C3A-9C2E-2B50491E88E5}.Release|Any CPU.Build.0 = Release|Any CPU
		{CF0C755F-E163-4DA0-A27F-B51E6DE24AAA}.Debug|Any CPU.ActiveCfg = Debug|Any CPU
		{CF0C755F-E163-4DA0-A27F-B51E6DE24AAA}.Debug|Any CPU.Build.0 = Debug|Any CPU
		{CF0C755F-E163-4DA0-A27F-B51E6DE24AAA}.Release|Any CPU.ActiveCfg = Release|Any CPU
		{CF0C755F-E163-4DA0-A27F-B51E6DE24AAA}.Release|Any CPU.Build.0 = Release|Any CPU
		{03BD3F38-8C5A-4300-AC22-AC0F81D936AD}.Debug|Any CPU.ActiveCfg = Debug|Any CPU
		{03BD3F38-8C5A-4300-AC22-AC0F81D936AD}.Debug|Any CPU.Build.0 = Debug|Any CPU
		{03BD3F38-8C5A-4300-AC22-AC0F81D936AD}.Release|Any CPU.ActiveCfg = Release|Any CPU
		{03BD3F38-8C5A-4300-AC22-AC0F81D936AD}.Release|Any CPU.Build.0 = Release|Any CPU
	EndGlobalSection
	GlobalSection(SolutionProperties) = preSolution
		HideSolutionNode = FALSE
	EndGlobalSection
	GlobalSection(NestedProjects) = preSolution
		{8457F49E-3C78-4273-9EFB-783935F1529C} = {6667FD0F-4AEA-4867-8871-2F4FBB74B7E9}
	EndGlobalSection
	GlobalSection(ExtensibilityGlobals) = postSolution
		SolutionGuid = {436BD295-D3F0-457A-925C-10664ACEF92C}
	EndGlobalSection
EndGlobal
